{
  "name": "@leismore/token",
  "version": "2.0.0",
  "lockfileVersion": 1,
  "requires": true,
  "dependencies": {
    "uid-generator": {
      "version": "2.0.0",
      "resolved": "https://registry.npmjs.org/uid-generator/-/uid-generator-2.0.0.tgz",
      "integrity": "sha512-XLRw2UyViQueSbd3dOHkswrg4gA4YuhibKzkFiPkilo6cdKEQqOX3K/Yu6Z2WXVMK+npfMNlSSufVSUifbXoOQ=="
    }
  }
}
